// !$*UTF8*$!
{
	archiveVersion = 1;
	classes = {
	};
	objectVersion = 56;
	objects = {

/* Begin PBXBuildFile section */
		CB7AB3CC29A7979100137847 /* BookWormApp.swift in Sources */ = {isa = PBXBuildFile; fileRef = CB7AB3CB29A7979100137847 /* BookWormApp.swift */; };
		CB7AB3CE29A7979100137847 /* ContentView.swift in Sources */ = {isa = PBXBuildFile; fileRef = CB7AB3CD29A7979100137847 /* ContentView.swift */; };
		CB7AB3D029A7979300137847 /* Assets.xcassets in Resources */ = {isa = PBXBuildFile; fileRef = CB7AB3CF29A7979300137847 /* Assets.xcassets */; };
		CB7AB3D329A7979300137847 /* Preview Assets.xcassets in Resources */ = {isa = PBXBuildFile; fileRef = CB7AB3D229A7979300137847 /* Preview Assets.xcassets */; };
		CB7AB3DA29A7B22100137847 /* StarView.swift in Sources */ = {isa = PBXBuildFile; fileRef = CB7AB3D929A7B22100137847 /* StarView.swift */; };
		CB7AB3DC29A7B72300137847 /* BookAddView.swift in Sources */ = {isa = PBXBuildFile; fileRef = CB7AB3DB29A7B72300137847 /* BookAddView.swift */; };
		CB7AB3E729A8118600137847 /* DataController.swift in Sources */ = {isa = PBXBuildFile; fileRef = CB7AB3E629A8118600137847 /* DataController.swift */; };
		CB7AB3EF29A8188800137847 /* BookWorm.xcdatamodeld in Sources */ = {isa = PBXBuildFile; fileRef = CB7AB3ED29A8188800137847 /* BookWorm.xcdatamodeld */; };
		CB7AB3F529A8DEFB00137847 /* DetailView.swift in Sources */ = {isa = PBXBuildFile; fileRef = CB7AB3F429A8DEFB00137847 /* DetailView.swift */; };
		CB7AB3FD29AA381600137847 /* BookWormTests.swift in Sources */ = {isa = PBXBuildFile; fileRef = CB7AB3FC29AA381600137847 /* BookWormTests.swift */; };
		CB7AB40429AA3A6C00137847 /* ForeImageView.swift in Sources */ = {isa = PBXBuildFile; fileRef = CB7AB40329AA3A6C00137847 /* ForeImageView.swift */; };
		CB7AB40529AA40AC00137847 /* BookAddView.swift in Sources */ = {isa = PBXBuildFile; fileRef = CB7AB3DB29A7B72300137847 /* BookAddView.swift */; };
/* End PBXBuildFile section */

/* Begin PBXContainerItemProxy section */
		CB7AB3FE29AA381600137847 /* PBXContainerItemProxy */ = {
			isa = PBXContainerItemProxy;
			containerPortal = CB7AB3C029A7979100137847 /* Project object */;
			proxyType = 1;
			remoteGlobalIDString = CB7AB3C729A7979100137847;
			remoteInfo = BookWorm;
		};
/* End PBXContainerItemProxy section */

/* Begin PBXFileReference section */
		CB7AB3C829A7979100137847 /* BookWorm.app */ = {isa = PBXFileReference; explicitFileType = wrapper.application; includeInIndex = 0; path = BookWorm.app; sourceTree = BUILT_PRODUCTS_DIR; };
		CB7AB3CB29A7979100137847 /* BookWormApp.swift */ = {isa = PBXFileReference; lastKnownFileType = sourcecode.swift; path = BookWormApp.swift; sourceTree = "<group>"; };
		CB7AB3CD29A7979100137847 /* ContentView.swift */ = {isa = PBXFileReference; lastKnownFileType = sourcecode.swift; path = ContentView.swift; sourceTree = "<group>"; };
		CB7AB3CF29A7979300137847 /* Assets.xcassets */ = {isa = PBXFileReference; lastKnownFileType = folder.assetcatalog; path = Assets.xcassets; sourceTree = "<group>"; };
		CB7AB3D229A7979300137847 /* Preview Assets.xcassets */ = {isa = PBXFileReference; lastKnownFileType = folder.assetcatalog; path = "Preview Assets.xcassets"; sourceTree = "<group>"; };
		CB7AB3D929A7B22100137847 /* StarView.swift */ = {isa = PBXFileReference; lastKnownFileType = sourcecode.swift; path = StarView.swift; sourceTree = "<group>"; };
		CB7AB3DB29A7B72300137847 /* BookAddView.swift */ = {isa = PBXFileReference; lastKnownFileType = sourcecode.swift; path = BookAddView.swift; sourceTree = "<group>"; };
		CB7AB3E629A8118600137847 /* DataController.swift */ = {isa = PBXFileReference; lastKnownFileType = sourcecode.swift; path = DataController.swift; sourceTree = "<group>"; };
		CB7AB3EE29A8188800137847 /* BookWorm.xcdatamodel */ = {isa = PBXFileReference; lastKnownFileType = wrapper.xcdatamodel; path = BookWorm.xcdatamodel; sourceTree = "<group>"; };
		CB7AB3F429A8DEFB00137847 /* DetailView.swift */ = {isa = PBXFileReference; lastKnownFileType = sourcecode.swift; path = DetailView.swift; sourceTree = "<group>"; };
		CB7AB3FA29AA381600137847 /* BookWormTests.xctest */ = {isa = PBXFileReference; explicitFileType = wrapper.cfbundle; includeInIndex = 0; path = BookWormTests.xctest; sourceTree = BUILT_PRODUCTS_DIR; };
		CB7AB3FC29AA381600137847 /* BookWormTests.swift */ = {isa = PBXFileReference; lastKnownFileType = sourcecode.swift; path = BookWormTests.swift; sourceTree = "<group>"; };
		CB7AB40329AA3A6C00137847 /* ForeImageView.swift */ = {isa = PBXFileReference; lastKnownFileType = sourcecode.swift; path = ForeImageView.swift; sourceTree = "<group>"; };
/* End PBXFileReference section */

/* Begin PBXFrameworksBuildPhase section */
		CB7AB3C529A7979100137847 /* Frameworks */ = {
			isa = PBXFrameworksBuildPhase;
			buildActionMask = 2147483647;
			files = (
			);
			runOnlyForDeploymentPostprocessing = 0;
		};
		CB7AB3F729AA381600137847 /* Frameworks */ = {
			isa = PBXFrameworksBuildPhase;
			buildActionMask = 2147483647;
			files = (
			);
			runOnlyForDeploymentPostprocessing = 0;
		};
/* End PBXFrameworksBuildPhase section */

/* Begin PBXGroup section */
		CB7AB3BF29A7979100137847 = {
			isa = PBXGroup;
			children = (
				CB7AB3CA29A7979100137847 /* BookWorm */,
				CB7AB3FB29AA381600137847 /* BookWormTests */,
				CB7AB3C929A7979100137847 /* Products */,
			);
			sourceTree = "<group>";
		};
		CB7AB3C929A7979100137847 /* Products */ = {
			isa = PBXGroup;
			children = (
				CB7AB3C829A7979100137847 /* BookWorm.app */,
				CB7AB3FA29AA381600137847 /* BookWormTests.xctest */,
			);
			name = Products;
			sourceTree = "<group>";
		};
		CB7AB3CA29A7979100137847 /* BookWorm */ = {
			isa = PBXGroup;
			children = (
				CB7AB3CB29A7979100137847 /* BookWormApp.swift */,
				CB7AB3E129A7F91600137847 /* Views */,
				CB7AB3E229A7F94400137847 /* Extentions */,
				CB7AB3CF29A7979300137847 /* Assets.xcassets */,
				CB7AB3D129A7979300137847 /* Preview Content */,
			);
			path = BookWorm;
			sourceTree = "<group>";
		};
		CB7AB3D129A7979300137847 /* Preview Content */ = {
			isa = PBXGroup;
			children = (
				CB7AB3D229A7979300137847 /* Preview Assets.xcassets */,
			);
			path = "Preview Content";
			sourceTree = "<group>";
		};
		CB7AB3E129A7F91600137847 /* Views */ = {
			isa = PBXGroup;
			children = (
				CB7AB3CD29A7979100137847 /* ContentView.swift */,
				CB7AB3DB29A7B72300137847 /* BookAddView.swift */,
				CB7AB3F429A8DEFB00137847 /* DetailView.swift */,
			);
			path = Views;
			sourceTree = "<group>";
		};
		CB7AB3E229A7F94400137847 /* Extentions */ = {
			isa = PBXGroup;
			children = (
				CB7AB3D929A7B22100137847 /* StarView.swift */,
				CB7AB40329AA3A6C00137847 /* ForeImageView.swift */,
				CB7AB3E829A8118A00137847 /* Data */,
			);
			path = Extentions;
			sourceTree = "<group>";
		};
		CB7AB3E829A8118A00137847 /* Data */ = {
			isa = PBXGroup;
			children = (
				CB7AB3E629A8118600137847 /* DataController.swift */,
				CB7AB3ED29A8188800137847 /* BookWorm.xcdatamodeld */,
			);
			path = Data;
			sourceTree = "<group>";
		};
		CB7AB3FB29AA381600137847 /* BookWormTests */ = {
			isa = PBXGroup;
			children = (
				CB7AB3FC29AA381600137847 /* BookWormTests.swift */,
			);
			path = BookWormTests;
			sourceTree = "<group>";
		};
/* End PBXGroup section */

/* Begin PBXNativeTarget section */
		CB7AB3C729A7979100137847 /* BookWorm */ = {
			isa = PBXNativeTarget;
			buildConfigurationList = CB7AB3D629A7979300137847 /* Build configuration list for PBXNativeTarget "BookWorm" */;
			buildPhases = (
				CB7AB3C429A7979100137847 /* Sources */,
				CB7AB3C529A7979100137847 /* Frameworks */,
				CB7AB3C629A7979100137847 /* Resources */,
			);
			buildRules = (
			);
			dependencies = (
			);
			name = BookWorm;
			productName = BookWorm;
			productReference = CB7AB3C829A7979100137847 /* BookWorm.app */;
			productType = "com.apple.product-type.application";
		};
		CB7AB3F929AA381600137847 /* BookWormTests */ = {
			isa = PBXNativeTarget;
			buildConfigurationList = CB7AB40229AA381600137847 /* Build configuration list for PBXNativeTarget "BookWormTests" */;
			buildPhases = (
				CB7AB3F629AA381600137847 /* Sources */,
				CB7AB3F729AA381600137847 /* Frameworks */,
				CB7AB3F829AA381600137847 /* Resources */,
			);
			buildRules = (
			);
			dependencies = (
				CB7AB3FF29AA381600137847 /* PBXTargetDependency */,
			);
			name = BookWormTests;
			productName = BookWormTests;
			productReference = CB7AB3FA29AA381600137847 /* BookWormTests.xctest */;
			productType = "com.apple.product-type.bundle.unit-test";
		};
/* End PBXNativeTarget section */

/* Begin PBXProject section */
		CB7AB3C029A7979100137847 /* Project object */ = {
			isa = PBXProject;
			attributes = {
				BuildIndependentTargetsInParallel = 1;
				LastSwiftUpdateCheck = 1410;
				LastUpgradeCheck = 1410;
				TargetAttributes = {
					CB7AB3C729A7979100137847 = {
						CreatedOnToolsVersion = 14.1;
					};
					CB7AB3F929AA381600137847 = {
						CreatedOnToolsVersion = 14.1;
						TestTargetID = CB7AB3C729A7979100137847;
					};
				};
			};
			buildConfigurationList = CB7AB3C329A7979100137847 /* Build configuration list for PBXProject "BookWorm" */;
			compatibilityVersion = "Xcode 14.0";
			developmentRegion = en;
			hasScannedForEncodings = 0;
			knownRegions = (
				en,
				Base,
			);
			mainGroup = CB7AB3BF29A7979100137847;
			productRefGroup = CB7AB3C929A7979100137847 /* Products */;
			projectDirPath = "";
			projectRoot = "";
			targets = (
				CB7AB3C729A7979100137847 /* BookWorm */,
				CB7AB3F929AA381600137847 /* BookWormTests */,
			);
		};
/* End PBXProject section */

/* Begin PBXResourcesBuildPhase section */
		CB7AB3C629A7979100137847 /* Resources */ = {
			isa = PBXResourcesBuildPhase;
			buildActionMask = 2147483647;
			files = (
				CB7AB3D329A7979300137847 /* Preview Assets.xcassets in Resources */,
				CB7AB3D029A7979300137847 /* Assets.xcassets in Resources */,
			);
			runOnlyForDeploymentPostprocessing = 0;
		};
		CB7AB3F829AA381600137847 /* Resources */ = {
			isa = PBXResourcesBuildPhase;
			buildActionMask = 2147483647;
			files = (
			);
			runOnlyForDeploymentPostprocessing = 0;
		};
/* End PBXResourcesBuildPhase section */

/* Begin PBXSourcesBuildPhase section */
		CB7AB3C429A7979100137847 /* Sources */ = {
			isa = PBXSourcesBuildPhase;
			buildActionMask = 2147483647;
			files = (
				CB7AB40429AA3A6C00137847 /* ForeImageView.swift in Sources */,
				CB7AB3DA29A7B22100137847 /* StarView.swift in Sources */,
				CB7AB3CE29A7979100137847 /* ContentView.swift in Sources */,
				CB7AB3EF29A8188800137847 /* BookWorm.xcdatamodeld in Sources */,
				CB7AB3F529A8DEFB00137847 /* DetailView.swift in Sources */,
				CB7AB3CC29A7979100137847 /* BookWormApp.swift in Sources */,
				CB7AB3E729A8118600137847 /* DataController.swift in Sources */,
				CB7AB3DC29A7B72300137847 /* BookAddView.swift in Sources */,
			);
			runOnlyForDeploymentPostprocessing = 0;
		};
		CB7AB3F629AA381600137847 /* Sources */ = {
			isa = PBXSourcesBuildPhase;
			buildActionMask = 2147483647;
			files = (
				CB7AB3FD29AA381600137847 /* BookWormTests.swift in Sources */,
				CB7AB40529AA40AC00137847 /* BookAddView.swift in Sources */,
			);
			runOnlyForDeploymentPostprocessing = 0;
		};
/* End PBXSourcesBuildPhase section */

/* Begin PBXTargetDependency section */
		CB7AB3FF29AA381600137847 /* PBXTargetDependency */ = {
			isa = PBXTargetDependency;
			target = CB7AB3C729A7979100137847 /* BookWorm */;
			targetProxy = CB7AB3FE29AA381600137847 /* PBXContainerItemProxy */;
		};
/* End PBXTargetDependency section */

/* Begin XCBuildConfiguration section */
		CB7AB3D429A7979300137847 /* Debug */ = {
			isa = XCBuildConfiguration;
			buildSettings = {
				ALWAYS_SEARCH_USER_PATHS = NO;
				CLANG_ANALYZER_NONNULL = YES;
				CLANG_ANALYZER_NUMBER_OBJECT_CONVERSION = YES_AGGRESSIVE;
				CLANG_CXX_LANGUAGE_STANDARD = "gnu++20";
				CLANG_ENABLE_MODULES = YES;
				CLANG_ENABLE_OBJC_ARC = YES;
				CLANG_ENABLE_OBJC_WEAK = YES;
				CLANG_WARN_BLOCK_CAPTURE_AUTORELEASING = YES;
				CLANG_WARN_BOOL_CONVERSION = YES;
				CLANG_WARN_COMMA = YES;
				CLANG_WARN_CONSTANT_CONVERSION = YES;
				CLANG_WARN_DEPRECATED_OBJC_IMPLEMENTATIONS = YES;
				CLANG_WARN_DIRECT_OBJC_ISA_USAGE = YES_ERROR;
				CLANG_WARN_DOCUMENTATION_COMMENTS = YES;
				CLANG_WARN_EMPTY_BODY = YES;
				CLANG_WARN_ENUM_CONVERSION = YES;
				CLANG_WARN_INFINITE_RECURSION = YES;
				CLANG_WARN_INT_CONVERSION = YES;
				CLANG_WARN_NON_LITERAL_NULL_CONVERSION = YES;
				CLANG_WARN_OBJC_IMPLICIT_RETAIN_SELF = YES;
				CLANG_WARN_OBJC_LITERAL_CONVERSION = YES;
				CLANG_WARN_OBJC_ROOT_CLASS = YES_ERROR;
				CLANG_WARN_QUOTED_INCLUDE_IN_FRAMEWORK_HEADER = YES;
				CLANG_WARN_RANGE_LOOP_ANALYSIS = YES;
				CLANG_WARN_STRICT_PROTOTYPES = YES;
				CLANG_WARN_SUSPICIOUS_MOVE = YES;
				CLANG_WARN_UNGUARDED_AVAILABILITY = YES_AGGRESSIVE;
				CLANG_WARN_UNREACHABLE_CODE = YES;
				CLANG_WARN__DUPLICATE_METHOD_MATCH = YES;
				COPY_PHASE_STRIP = NO;
				DEBUG_INFORMATION_FORMAT = dwarf;
				ENABLE_STRICT_OBJC_MSGSEND = YES;
				ENABLE_TESTABILITY = YES;
				GCC_C_LANGUAGE_STANDARD = gnu11;
				GCC_DYNAMIC_NO_PIC = NO;
				GCC_NO_COMMON_BLOCKS = YES;
				GCC_OPTIMIZATION_LEVEL = 0;
				GCC_PREPROCESSOR_DEFINITIONS = (
					"DEBUG=1",
					"$(inherited)",
				);
				GCC_WARN_64_TO_32_BIT_CONVERSION = YES;
				GCC_WARN_ABOUT_RETURN_TYPE = YES_ERROR;
				GCC_WARN_UNDECLARED_SELECTOR = YES;
				GCC_WARN_UNINITIALIZED_AUTOS = YES_AGGRESSIVE;
				GCC_WARN_UNUSED_FUNCTION = YES;
				GCC_WARN_UNUSED_VARIABLE = YES;
				IPHONEOS_DEPLOYMENT_TARGET = 16.1;
				MTL_ENABLE_DEBUG_INFO = INCLUDE_SOURCE;
				MTL_FAST_MATH = YES;
				ONLY_ACTIVE_ARCH = YES;
				SDKROOT = iphoneos;
				SWIFT_ACTIVE_COMPILATION_CONDITIONS = DEBUG;
				SWIFT_OPTIMIZATION_LEVEL = "-Onone";
			};
			name = Debug;
		};
		CB7AB3D529A7979300137847 /* Release */ = {
			isa = XCBuildConfiguration;
			buildSettings = {
				ALWAYS_SEARCH_USER_PATHS = NO;
				CLANG_ANALYZER_NONNULL = YES;
				CLANG_ANALYZER_NUMBER_OBJECT_CONVERSION = YES_AGGRESSIVE;
				CLANG_CXX_LANGUAGE_STANDARD = "gnu++20";
				CLANG_ENABLE_MODULES = YES;
				CLANG_ENABLE_OBJC_ARC = YES;
				CLANG_ENABLE_OBJC_WEAK = YES;
				CLANG_WARN_BLOCK_CAPTURE_AUTORELEASING = YES;
				CLANG_WARN_BOOL_CONVERSION = YES;
				CLANG_WARN_COMMA = YES;
				CLANG_WARN_CONSTANT_CONVERSION = YES;
				CLANG_WARN_DEPRECATED_OBJC_IMPLEMENTATIONS = YES;
				CLANG_WARN_DIRECT_OBJC_ISA_USAGE = YES_ERROR;
				CLANG_WARN_DOCUMENTATION_COMMENTS = YES;
				CLANG_WARN_EMPTY_BODY = YES;
				CLANG_WARN_ENUM_CONVERSION = YES;
				CLANG_WARN_INFINITE_RECURSION = YES;
				CLANG_WARN_INT_CONVERSION = YES;
				CLANG_WARN_NON_LITERAL_NULL_CONVERSION = YES;
				CLANG_WARN_OBJC_IMPLICIT_RETAIN_SELF = YES;
				CLANG_WARN_OBJC_LITERAL_CONVERSION = YES;
				CLANG_WARN_OBJC_ROOT_CLASS = YES_ERROR;
				CLANG_WARN_QUOTED_INCLUDE_IN_FRAMEWORK_HEADER = YES;
				CLANG_WARN_RANGE_LOOP_ANALYSIS = YES;
				CLANG_WARN_STRICT_PROTOTYPES = YES;
				CLANG_WARN_SUSPICIOUS_MOVE = YES;
				CLANG_WARN_UNGUARDED_AVAILABILITY = YES_AGGRESSIVE;
				CLANG_WARN_UNREACHABLE_CODE = YES;
				CLANG_WARN__DUPLICATE_METHOD_MATCH = YES;
				COPY_PHASE_STRIP = NO;
				DEBUG_INFORMATION_FORMAT = "dwarf-with-dsym";
				ENABLE_NS_ASSERTIONS = NO;
				ENABLE_STRICT_OBJC_MSGSEND = YES;
				GCC_C_LANGUAGE_STANDARD = gnu11;
				GCC_NO_COMMON_BLOCKS = YES;
				GCC_WARN_64_TO_32_BIT_CONVERSION = YES;
				GCC_WARN_ABOUT_RETURN_TYPE = YES_ERROR;
				GCC_WARN_UNDECLARED_SELECTOR = YES;
				GCC_WARN_UNINITIALIZED_AUTOS = YES_AGGRESSIVE;
				GCC_WARN_UNUSED_FUNCTION = YES;
				GCC_WARN_UNUSED_VARIABLE = YES;
				IPHONEOS_DEPLOYMENT_TARGET = 16.1;
				MTL_ENABLE_DEBUG_INFO = NO;
				MTL_FAST_MATH = YES;
				SDKROOT = iphoneos;
				SWIFT_COMPILATION_MODE = wholemodule;
				SWIFT_OPTIMIZATION_LEVEL = "-O";
				VALIDATE_PRODUCT = YES;
			};
			name = Release;
		};
		CB7AB3D729A7979300137847 /* Debug */ = {
			isa = XCBuildConfiguration;
			buildSettings = {
				ASSETCATALOG_COMPILER_APPICON_NAME = AppIcon;
				ASSETCATALOG_COMPILER_GLOBAL_ACCENT_COLOR_NAME = AccentColor;
				CODE_SIGN_STYLE = Automatic;
				CURRENT_PROJECT_VERSION = 1;
				DEVELOPMENT_ASSET_PATHS = "\"BookWorm/Preview Content\"";
				DEVELOPMENT_TEAM = V76KMBCZ33;
				ENABLE_PREVIEWS = YES;
				GENERATE_INFOPLIST_FILE = YES;
				INFOPLIST_KEY_UIApplicationSceneManifest_Generation = YES;
				INFOPLIST_KEY_UIApplicationSupportsIndirectInputEvents = YES;
				INFOPLIST_KEY_UILaunchScreen_Generation = YES;
				INFOPLIST_KEY_UISupportedInterfaceOrientations_iPad = "UIInterfaceOrientationPortrait UIInterfaceOrientationPortraitUpsideDown UIInterfaceOrientationLandscapeLeft UIInterfaceOrientationLandscapeRight";
				INFOPLIST_KEY_UISupportedInterfaceOrientations_iPhone = "UIInterfaceOrientationPortrait UIInterfaceOrientationLandscapeLeft UIInterfaceOrientationLandscapeRight";
				LD_RUNPATH_SEARCH_PATHS = (
					"$(inherited)",
					"@executable_path/Frameworks",
				);
				MARKETING_VERSION = 1.0;
				PRODUCT_BUNDLE_IDENTIFIER = com.kyryloKolosov.BookWorm;
				PRODUCT_NAME = "$(TARGET_NAME)";
				SWIFT_EMIT_LOC_STRINGS = YES;
				SWIFT_VERSION = 5.0;
				TARGETED_DEVICE_FAMILY = "1,2";
			};
			name = Debug;
		};
		CB7AB3D829A7979300137847 /* Release */ = {
			isa = XCBuildConfiguration;
			buildSettings = {
				ASSETCATALOG_COMPILER_APPICON_NAME = AppIcon;
				ASSETCATALOG_COMPILER_GLOBAL_ACCENT_COLOR_NAME = AccentColor;
				CODE_SIGN_STYLE = Automatic;
				CURRENT_PROJECT_VERSION = 1;
				DEVELOPMENT_ASSET_PATHS = "\"BookWorm/Preview Content\"";
				DEVELOPMENT_TEAM = V76KMBCZ33;
				ENABLE_PREVIEWS = YES;
				GENERATE_INFOPLIST_FILE = YES;
				INFOPLIST_KEY_UIApplicationSceneManifest_Generation = YES;
				INFOPLIST_KEY_UIApplicationSupportsIndirectInputEvents = YES;
				INFOPLIST_KEY_UILaunchScreen_Generation = YES;
				INFOPLIST_KEY_UISupportedInterfaceOrientations_iPad = "UIInterfaceOrientationPortrait UIInterfaceOrientationPortraitUpsideDown UIInterfaceOrientationLandscapeLeft UIInterfaceOrientationLandscapeRight";
				INFOPLIST_KEY_UISupportedInterfaceOrientations_iPhone = "UIInterfaceOrientationPortrait UIInterfaceOrientationLandscapeLeft UIInterfaceOrientationLandscapeRight";
				LD_RUNPATH_SEARCH_PATHS = (
					"$(inherited)",
					"@executable_path/Frameworks",
				);
				MARKETING_VERSION = 1.0;
				PRODUCT_BUNDLE_IDENTIFIER = com.kyryloKolosov.BookWorm;
				PRODUCT_NAME = "$(TARGET_NAME)";
				SWIFT_EMIT_LOC_STRINGS = YES;
				SWIFT_VERSION = 5.0;
				TARGETED_DEVICE_FAMILY = "1,2";
			};
			name = Release;
		};
		CB7AB40029AA381600137847 /* Debug */ = {
			isa = XCBuildConfiguration;
			buildSettings = {
				BUNDLE_LOADER = "$(TEST_HOST)";
				CODE_SIGN_STYLE = Automatic;
				CURRENT_PROJECT_VERSION = 1;
				DEVELOPMENT_TEAM = V76KMBCZ33;
				GENERATE_INFOPLIST_FILE = YES;
				MARKETING_VERSION = 1.0;
				PRODUCT_BUNDLE_IDENTIFIER = com.kyryloKolosov.BookWormTests;
				PRODUCT_NAME = "$(TARGET_NAME)";
				SWIFT_EMIT_LOC_STRINGS = NO;
				SWIFT_VERSION = 5.0;
				TARGETED_DEVICE_FAMILY = "1,2";
				TEST_HOST = "$(BUILT_PRODUCTS_DIR)/BookWorm.app/$(BUNDLE_EXECUTABLE_FOLDER_PATH)/BookWorm";
			};
			name = Debug;
		};
		CB7AB40129AA381600137847 /* Release */ = {
			isa = XCBuildConfiguration;
			buildSettings = {
				BUNDLE_LOADER = "$(TEST_HOST)";
				CODE_SIGN_STYLE = Automatic;
				CURRENT_PROJECT_VERSION = 1;
				DEVELOPMENT_TEAM = V76KMBCZ33;
				GENERATE_INFOPLIST_FILE = YES;
				MARKETING_VERSION = 1.0;
				PRODUCT_BUNDLE_IDENTIFIER = com.kyryloKolosov.BookWormTests;
				PRODUCT_NAME = "$(TARGET_NAME)";
				SWIFT_EMIT_LOC_STRINGS = NO;
				SWIFT_VERSION = 5.0;
				TARGETED_DEVICE_FAMILY = "1,2";
				TEST_HOST = "$(BUILT_PRODUCTS_DIR)/BookWorm.app/$(BUNDLE_EXECUTABLE_FOLDER_PATH)/BookWorm";
			};
			name = Release;
		};
/* End XCBuildConfiguration section */

/* Begin XCConfigurationList section */
		CB7AB3C329A7979100137847 /* Build configuration list for PBXProject "BookWorm" */ = {
			isa = XCConfigurationList;
			buildConfigurations = (
				CB7AB3D429A7979300137847 /* Debug */,
				CB7AB3D529A7979300137847 /* Release */,
			);
			defaultConfigurationIsVisible = 0;
			defaultConfigurationName = Release;
		};
		CB7AB3D629A7979300137847 /* Build configuration list for PBXNativeTarget "BookWorm" */ = {
			isa = XCConfigurationList;
			buildConfigurations = (
				CB7AB3D729A7979300137847 /* Debug */,
				CB7AB3D829A7979300137847 /* Release */,
			);
			defaultConfigurationIsVisible = 0;
			defaultConfigurationName = Release;
		};
		CB7AB40229AA381600137847 /* Build configuration list for PBXNativeTarget "BookWormTests" */ = {
			isa = XCConfigurationList;
			buildConfigurations = (
				CB7AB40029AA381600137847 /* Debug */,
				CB7AB40129AA381600137847 /* Release */,
			);
			defaultConfigurationIsVisible = 0;
			defaultConfigurationName = Release;
		};
/* End XCConfigurationList section */

/* Begin XCVersionGroup section */
		CB7AB3ED29A8188800137847 /* BookWorm.xcdatamodeld */ = {
			isa = XCVersionGroup;
			children = (
				CB7AB3EE29A8188800137847 /* BookWorm.xcdatamodel */,
			);
			currentVersion = CB7AB3EE29A8188800137847 /* BookWorm.xcdatamodel */;
			path = BookWorm.xcdatamodeld;
			sourceTree = "<group>";
			versionGroupType = wrapper.xcdatamodel;
		};
/* End XCVersionGroup section */
	};
	rootObject = CB7AB3C029A7979100137847 /* Project object */;
}
